
Microsoft Visual Studio Solution File, Format Version 12.00
# Visual Studio Version 17
VisualStudioVersion = 17.4.33205.214
MinimumVisualStudioVersion = 10.0.40219.1
Project("{FAE04EC0-301F-11D3-BF4B-00C04F79EFBC}") = "ASUPP", "ASUPP.csproj", "{D882CE58-517B-4C90-95E5-F906FFFF900A}"
EndProject
Global
	GlobalSection(SolutionConfigurationPlatforms) = preSolution
		Debug|Any CPU = Debug|Any CPU
		Release|Any CPU = Release|Any CPU
	EndGlobalSection
	GlobalSection(ProjectConfigurationPlatforms) = postSolution
		{D882CE58-517B-4C90-95E5-F906FFFF900A}.Debug|Any CPU.ActiveCfg = Debug|Any CPU
		{D882CE58-517B-4C90-95E5-F906FFFF900A}.Debug|Any CPU.Build.0 = Debug|Any CPU
		{D882CE58-517B-4C90-95E5-F906FFFF900A}.Release|Any CPU.ActiveCfg = Release|Any CPU
		{D882CE58-517B-4C90-95E5-F906FFFF900A}.Release|Any CPU.Build.0 = Release|Any CPU
	EndGlobalSection
	GlobalSection(SolutionProperties) = preSolution
		HideSolutionNode = FALSE
	EndGlobalSection
	GlobalSection(ExtensibilityGlobals) = postSolution
		SolutionGuid = {2D34B06F-C884-4C12-8E22-80CB8EFA9D3D}
	EndGlobalSection
EndGlobal
