
Microsoft Visual Studio Solution File, Format Version 12.00
# Visual Studio Version 17
VisualStudioVersion = 17.4.33205.214
MinimumVisualStudioVersion = 10.0.40219.1
Project("{FAE04EC0-301F-11D3-BF4B-00C04F79EFBC}") = "testDB", "testDB.csproj", "{41EF8A66-0D60-44F6-B676-A1123ED9317E}"
EndProject
Global
	GlobalSection(SolutionConfigurationPlatforms) = preSolution
		Debug|Any CPU = Debug|Any CPU
		Release|Any CPU = Release|Any CPU
	EndGlobalSection
	GlobalSection(ProjectConfigurationPlatforms) = postSolution
		{41EF8A66-0D60-44F6-B676-A1123ED9317E}.Debug|Any CPU.ActiveCfg = Debug|Any CPU
		{41EF8A66-0D60-44F6-B676-A1123ED9317E}.Debug|Any CPU.Build.0 = Debug|Any CPU
		{41EF8A66-0D60-44F6-B676-A1123ED9317E}.Release|Any CPU.ActiveCfg = Release|Any CPU
		{41EF8A66-0D60-44F6-B676-A1123ED9317E}.Release|Any CPU.Build.0 = Release|Any CPU
	EndGlobalSection
	GlobalSection(SolutionProperties) = preSolution
		HideSolutionNode = FALSE
	EndGlobalSection
	GlobalSection(ExtensibilityGlobals) = postSolution
		SolutionGuid = {B3599066-7CE9-4DAB-8442-378CEB04EEED}
	EndGlobalSection
EndGlobal
